// !$*UTF8*$!
{
	archiveVersion = 1;
	classes = {
	};
	objectVersion = 56;
	objects = {

/* Begin PBXBuildFile section */
		2F5C21C229EEE067005D3AED /* URLSession+.swift in Sources */ = {isa = PBXBuildFile; fileRef = 2F5C21C129EEE067005D3AED /* URLSession+.swift */; };
		2FC8639F29EDAA01009C1AC4 /* AppDelegate.swift in Sources */ = {isa = PBXBuildFile; fileRef = 2FC8639E29EDAA01009C1AC4 /* AppDelegate.swift */; };
		2FC863A129EDAA01009C1AC4 /* SceneDelegate.swift in Sources */ = {isa = PBXBuildFile; fileRef = 2FC863A029EDAA01009C1AC4 /* SceneDelegate.swift */; };
		2FC863A329EDAA01009C1AC4 /* ViewController.swift in Sources */ = {isa = PBXBuildFile; fileRef = 2FC863A229EDAA01009C1AC4 /* ViewController.swift */; };
		2FC863A629EDAA01009C1AC4 /* Main.storyboard in Resources */ = {isa = PBXBuildFile; fileRef = 2FC863A429EDAA01009C1AC4 /* Main.storyboard */; };
		2FC863A829EDAA01009C1AC4 /* Assets.xcassets in Resources */ = {isa = PBXBuildFile; fileRef = 2FC863A729EDAA01009C1AC4 /* Assets.xcassets */; };
		2FC863AB29EDAA01009C1AC4 /* LaunchScreen.storyboard in Resources */ = {isa = PBXBuildFile; fileRef = 2FC863A929EDAA01009C1AC4 /* LaunchScreen.storyboard */; };
		2FC863B629EDAA01009C1AC4 /* AquariumTests.swift in Sources */ = {isa = PBXBuildFile; fileRef = 2FC863B529EDAA01009C1AC4 /* AquariumTests.swift */; };
		2FC863C029EDAA02009C1AC4 /* AquariumUITests.swift in Sources */ = {isa = PBXBuildFile; fileRef = 2FC863BF29EDAA02009C1AC4 /* AquariumUITests.swift */; };
		2FC863C229EDAA02009C1AC4 /* AquariumUITestsLaunchTests.swift in Sources */ = {isa = PBXBuildFile; fileRef = 2FC863C129EDAA02009C1AC4 /* AquariumUITestsLaunchTests.swift */; };
		2FC863CF29EDAA28009C1AC4 /* Board.swift in Sources */ = {isa = PBXBuildFile; fileRef = 2FC863CE29EDAA28009C1AC4 /* Board.swift */; };
/* End PBXBuildFile section */

/* Begin PBXContainerItemProxy section */
		2FC863B229EDAA01009C1AC4 /* PBXContainerItemProxy */ = {
			isa = PBXContainerItemProxy;
			containerPortal = 2FC8639329EDAA01009C1AC4 /* Project object */;
			proxyType = 1;
			remoteGlobalIDString = 2FC8639A29EDAA01009C1AC4;
			remoteInfo = Aquarium;
		};
		2FC863BC29EDAA01009C1AC4 /* PBXContainerItemProxy */ = {
			isa = PBXContainerItemProxy;
			containerPortal = 2FC8639329EDAA01009C1AC4 /* Project object */;
			proxyType = 1;
			remoteGlobalIDString = 2FC8639A29EDAA01009C1AC4;
			remoteInfo = Aquarium;
		};
/* End PBXContainerItemProxy section */

/* Begin PBXFileReference section */
		2F5C21C129EEE067005D3AED /* URLSession+.swift */ = {isa = PBXFileReference; lastKnownFileType = sourcecode.swift; path = "URLSession+.swift"; sourceTree = "<group>"; };
		2FC8639B29EDAA01009C1AC4 /* Aquarium.app */ = {isa = PBXFileReference; explicitFileType = wrapper.application; includeInIndex = 0; path = Aquarium.app; sourceTree = BUILT_PRODUCTS_DIR; };
		2FC8639E29EDAA01009C1AC4 /* AppDelegate.swift */ = {isa = PBXFileReference; lastKnownFileType = sourcecode.swift; path = AppDelegate.swift; sourceTree = "<group>"; };
		2FC863A029EDAA01009C1AC4 /* SceneDelegate.swift */ = {isa = PBXFileReference; lastKnownFileType = sourcecode.swift; path = SceneDelegate.swift; sourceTree = "<group>"; };
		2FC863A229EDAA01009C1AC4 /* ViewController.swift */ = {isa = PBXFileReference; lastKnownFileType = sourcecode.swift; path = ViewController.swift; sourceTree = "<group>"; };
		2FC863A529EDAA01009C1AC4 /* Base */ = {isa = PBXFileReference; lastKnownFileType = file.storyboard; name = Base; path = Base.lproj/Main.storyboard; sourceTree = "<group>"; };
		2FC863A729EDAA01009C1AC4 /* Assets.xcassets */ = {isa = PBXFileReference; lastKnownFileType = folder.assetcatalog; path = Assets.xcassets; sourceTree = "<group>"; };
		2FC863AA29EDAA01009C1AC4 /* Base */ = {isa = PBXFileReference; lastKnownFileType = file.storyboard; name = Base; path = Base.lproj/LaunchScreen.storyboard; sourceTree = "<group>"; };
		2FC863AC29EDAA01009C1AC4 /* Info.plist */ = {isa = PBXFileReference; lastKnownFileType = text.plist.xml; path = Info.plist; sourceTree = "<group>"; };
		2FC863B129EDAA01009C1AC4 /* AquariumTests.xctest */ = {isa = PBXFileReference; explicitFileType = wrapper.cfbundle; includeInIndex = 0; path = AquariumTests.xctest; sourceTree = BUILT_PRODUCTS_DIR; };
		2FC863B529EDAA01009C1AC4 /* AquariumTests.swift */ = {isa = PBXFileReference; lastKnownFileType = sourcecode.swift; path = AquariumTests.swift; sourceTree = "<group>"; };
		2FC863BB29EDAA01009C1AC4 /* AquariumUITests.xctest */ = {isa = PBXFileReference; explicitFileType = wrapper.cfbundle; includeInIndex = 0; path = AquariumUITests.xctest; sourceTree = BUILT_PRODUCTS_DIR; };
		2FC863BF29EDAA02009C1AC4 /* AquariumUITests.swift */ = {isa = PBXFileReference; lastKnownFileType = sourcecode.swift; path = AquariumUITests.swift; sourceTree = "<group>"; };
		2FC863C129EDAA02009C1AC4 /* AquariumUITestsLaunchTests.swift */ = {isa = PBXFileReference; lastKnownFileType = sourcecode.swift; path = AquariumUITestsLaunchTests.swift; sourceTree = "<group>"; };
		2FC863CE29EDAA28009C1AC4 /* Board.swift */ = {isa = PBXFileReference; lastKnownFileType = sourcecode.swift; path = Board.swift; sourceTree = "<group>"; };
/* End PBXFileReference section */

/* Begin PBXFrameworksBuildPhase section */
		2FC8639829EDAA01009C1AC4 /* Frameworks */ = {
			isa = PBXFrameworksBuildPhase;
			buildActionMask = 2147483647;
			files = (
			);
			runOnlyForDeploymentPostprocessing = 0;
		};
		2FC863AE29EDAA01009C1AC4 /* Frameworks */ = {
			isa = PBXFrameworksBuildPhase;
			buildActionMask = 2147483647;
			files = (
			);
			runOnlyForDeploymentPostprocessing = 0;
		};
		2FC863B829EDAA01009C1AC4 /* Frameworks */ = {
			isa = PBXFrameworksBuildPhase;
			buildActionMask = 2147483647;
			files = (
			);
			runOnlyForDeploymentPostprocessing = 0;
		};
/* End PBXFrameworksBuildPhase section */

/* Begin PBXGroup section */
		2FC8639229EDAA01009C1AC4 = {
			isa = PBXGroup;
			children = (
				2FC8639D29EDAA01009C1AC4 /* Aquarium */,
				2FC863B429EDAA01009C1AC4 /* AquariumTests */,
				2FC863BE29EDAA01009C1AC4 /* AquariumUITests */,
				2FC8639C29EDAA01009C1AC4 /* Products */,
			);
			sourceTree = "<group>";
		};
		2FC8639C29EDAA01009C1AC4 /* Products */ = {
			isa = PBXGroup;
			children = (
				2FC8639B29EDAA01009C1AC4 /* Aquarium.app */,
				2FC863B129EDAA01009C1AC4 /* AquariumTests.xctest */,
				2FC863BB29EDAA01009C1AC4 /* AquariumUITests.xctest */,
			);
			name = Products;
			sourceTree = "<group>";
		};
		2FC8639D29EDAA01009C1AC4 /* Aquarium */ = {
			isa = PBXGroup;
			children = (
				2FC8639E29EDAA01009C1AC4 /* AppDelegate.swift */,
				2FC863A029EDAA01009C1AC4 /* SceneDelegate.swift */,
				2FC863A229EDAA01009C1AC4 /* ViewController.swift */,
				2FC863A429EDAA01009C1AC4 /* Main.storyboard */,
				2FC863A729EDAA01009C1AC4 /* Assets.xcassets */,
				2FC863A929EDAA01009C1AC4 /* LaunchScreen.storyboard */,
				2FC863AC29EDAA01009C1AC4 /* Info.plist */,
				2FC863CE29EDAA28009C1AC4 /* Board.swift */,
				2F5C21C129EEE067005D3AED /* URLSession+.swift */,
			);
			path = Aquarium;
			sourceTree = "<group>";
		};
		2FC863B429EDAA01009C1AC4 /* AquariumTests */ = {
			isa = PBXGroup;
			children = (
				2FC863B529EDAA01009C1AC4 /* AquariumTests.swift */,
			);
			path = AquariumTests;
			sourceTree = "<group>";
		};
		2FC863BE29EDAA01009C1AC4 /* AquariumUITests */ = {
			isa = PBXGroup;
			children = (
				2FC863BF29EDAA02009C1AC4 /* AquariumUITests.swift */,
				2FC863C129EDAA02009C1AC4 /* AquariumUITestsLaunchTests.swift */,
			);
			path = AquariumUITests;
			sourceTree = "<group>";
		};
/* End PBXGroup section */

/* Begin PBXNativeTarget section */
		2FC8639A29EDAA01009C1AC4 /* Aquarium */ = {
			isa = PBXNativeTarget;
			buildConfigurationList = 2FC863C529EDAA02009C1AC4 /* Build configuration list for PBXNativeTarget "Aquarium" */;
			buildPhases = (
				2FC8639729EDAA01009C1AC4 /* Sources */,
				2FC8639829EDAA01009C1AC4 /* Frameworks */,
				2FC8639929EDAA01009C1AC4 /* Resources */,
			);
			buildRules = (
			);
			dependencies = (
			);
			name = Aquarium;
			productName = Aquarium;
			productReference = 2FC8639B29EDAA01009C1AC4 /* Aquarium.app */;
			productType = "com.apple.product-type.application";
		};
		2FC863B029EDAA01009C1AC4 /* AquariumTests */ = {
			isa = PBXNativeTarget;
			buildConfigurationList = 2FC863C829EDAA02009C1AC4 /* Build configuration list for PBXNativeTarget "AquariumTests" */;
			buildPhases = (
				2FC863AD29EDAA01009C1AC4 /* Sources */,
				2FC863AE29EDAA01009C1AC4 /* Frameworks */,
				2FC863AF29EDAA01009C1AC4 /* Resources */,
			);
			buildRules = (
			);
			dependencies = (
				2FC863B329EDAA01009C1AC4 /* PBXTargetDependency */,
			);
			name = AquariumTests;
			productName = AquariumTests;
			productReference = 2FC863B129EDAA01009C1AC4 /* AquariumTests.xctest */;
			productType = "com.apple.product-type.bundle.unit-test";
		};
		2FC863BA29EDAA01009C1AC4 /* AquariumUITests */ = {
			isa = PBXNativeTarget;
			buildConfigurationList = 2FC863CB29EDAA02009C1AC4 /* Build configuration list for PBXNativeTarget "AquariumUITests" */;
			buildPhases = (
				2FC863B729EDAA01009C1AC4 /* Sources */,
				2FC863B829EDAA01009C1AC4 /* Frameworks */,
				2FC863B929EDAA01009C1AC4 /* Resources */,
			);
			buildRules = (
			);
			dependencies = (
				2FC863BD29EDAA01009C1AC4 /* PBXTargetDependency */,
			);
			name = AquariumUITests;
			productName = AquariumUITests;
			productReference = 2FC863BB29EDAA01009C1AC4 /* AquariumUITests.xctest */;
			productType = "com.apple.product-type.bundle.ui-testing";
		};
/* End PBXNativeTarget section */

/* Begin PBXProject section */
		2FC8639329EDAA01009C1AC4 /* Project object */ = {
			isa = PBXProject;
			attributes = {
				BuildIndependentTargetsInParallel = 1;
				LastSwiftUpdateCheck = 1430;
				LastUpgradeCheck = 1430;
				TargetAttributes = {
					2FC8639A29EDAA01009C1AC4 = {
						CreatedOnToolsVersion = 14.3;
					};
					2FC863B029EDAA01009C1AC4 = {
						CreatedOnToolsVersion = 14.3;
						TestTargetID = 2FC8639A29EDAA01009C1AC4;
					};
					2FC863BA29EDAA01009C1AC4 = {
						CreatedOnToolsVersion = 14.3;
						TestTargetID = 2FC8639A29EDAA01009C1AC4;
					};
				};
			};
			buildConfigurationList = 2FC8639629EDAA01009C1AC4 /* Build configuration list for PBXProject "Aquarium" */;
			compatibilityVersion = "Xcode 14.0";
			developmentRegion = en;
			hasScannedForEncodings = 0;
			knownRegions = (
				en,
				Base,
			);
			mainGroup = 2FC8639229EDAA01009C1AC4;
			productRefGroup = 2FC8639C29EDAA01009C1AC4 /* Products */;
			projectDirPath = "";
			projectRoot = "";
			targets = (
				2FC8639A29EDAA01009C1AC4 /* Aquarium */,
				2FC863B029EDAA01009C1AC4 /* AquariumTests */,
				2FC863BA29EDAA01009C1AC4 /* AquariumUITests */,
			);
		};
/* End PBXProject section */

/* Begin PBXResourcesBuildPhase section */
		2FC8639929EDAA01009C1AC4 /* Resources */ = {
			isa = PBXResourcesBuildPhase;
			buildActionMask = 2147483647;
			files = (
				2FC863AB29EDAA01009C1AC4 /* LaunchScreen.storyboard in Resources */,
				2FC863A829EDAA01009C1AC4 /* Assets.xcassets in Resources */,
				2FC863A629EDAA01009C1AC4 /* Main.storyboard in Resources */,
			);
			runOnlyForDeploymentPostprocessing = 0;
		};
		2FC863AF29EDAA01009C1AC4 /* Resources */ = {
			isa = PBXResourcesBuildPhase;
			buildActionMask = 2147483647;
			files = (
			);
			runOnlyForDeploymentPostprocessing = 0;
		};
		2FC863B929EDAA01009C1AC4 /* Resources */ = {
			isa = PBXResourcesBuildPhase;
			buildActionMask = 2147483647;
			files = (
			);
			runOnlyForDeploymentPostprocessing = 0;
		};
/* End PBXResourcesBuildPhase section */

/* Begin PBXSourcesBuildPhase section */
		2FC8639729EDAA01009C1AC4 /* Sources */ = {
			isa = PBXSourcesBuildPhase;
			buildActionMask = 2147483647;
			files = (
				2FC863A329EDAA01009C1AC4 /* ViewController.swift in Sources */,
				2FC8639F29EDAA01009C1AC4 /* AppDelegate.swift in Sources */,
				2F5C21C229EEE067005D3AED /* URLSession+.swift in Sources */,
				2FC863CF29EDAA28009C1AC4 /* Board.swift in Sources */,
				2FC863A129EDAA01009C1AC4 /* SceneDelegate.swift in Sources */,
			);
			runOnlyForDeploymentPostprocessing = 0;
		};
		2FC863AD29EDAA01009C1AC4 /* Sources */ = {
			isa = PBXSourcesBuildPhase;
			buildActionMask = 2147483647;
			files = (
				2FC863B629EDAA01009C1AC4 /* AquariumTests.swift in Sources */,
			);
			runOnlyForDeploymentPostprocessing = 0;
		};
		2FC863B729EDAA01009C1AC4 /* Sources */ = {
			isa = PBXSourcesBuildPhase;
			buildActionMask = 2147483647;
			files = (
				2FC863C229EDAA02009C1AC4 /* AquariumUITestsLaunchTests.swift in Sources */,
				2FC863C029EDAA02009C1AC4 /* AquariumUITests.swift in Sources */,
			);
			runOnlyForDeploymentPostprocessing = 0;
		};
/* End PBXSourcesBuildPhase section */

/* Begin PBXTargetDependency section */
		2FC863B329EDAA01009C1AC4 /* PBXTargetDependency */ = {
			isa = PBXTargetDependency;
			target = 2FC8639A29EDAA01009C1AC4 /* Aquarium */;
			targetProxy = 2FC863B229EDAA01009C1AC4 /* PBXContainerItemProxy */;
		};
		2FC863BD29EDAA01009C1AC4 /* PBXTargetDependency */ = {
			isa = PBXTargetDependency;
			target = 2FC8639A29EDAA01009C1AC4 /* Aquarium */;
			targetProxy = 2FC863BC29EDAA01009C1AC4 /* PBXContainerItemProxy */;
		};
/* End PBXTargetDependency section */

/* Begin PBXVariantGroup section */
		2FC863A429EDAA01009C1AC4 /* Main.storyboard */ = {
			isa = PBXVariantGroup;
			children = (
				2FC863A529EDAA01009C1AC4 /* Base */,
			);
			name = Main.storyboard;
			sourceTree = "<group>";
		};
		2FC863A929EDAA01009C1AC4 /* LaunchScreen.storyboard */ = {
			isa = PBXVariantGroup;
			children = (
				2FC863AA29EDAA01009C1AC4 /* Base */,
			);
			name = LaunchScreen.storyboard;
			sourceTree = "<group>";
		};
/* End PBXVariantGroup section */

/* Begin XCBuildConfiguration section */
		2FC863C329EDAA02009C1AC4 /* Debug */ = {
			isa = XCBuildConfiguration;
			buildSettings = {
				ALWAYS_SEARCH_USER_PATHS = NO;
				CLANG_ANALYZER_NONNULL = YES;
				CLANG_ANALYZER_NUMBER_OBJECT_CONVERSION = YES_AGGRESSIVE;
				CLANG_CXX_LANGUAGE_STANDARD = "gnu++20";
				CLANG_ENABLE_MODULES = YES;
				CLANG_ENABLE_OBJC_ARC = YES;
				CLANG_ENABLE_OBJC_WEAK = YES;
				CLANG_WARN_BLOCK_CAPTURE_AUTORELEASING = YES;
				CLANG_WARN_BOOL_CONVERSION = YES;
				CLANG_WARN_COMMA = YES;
				CLANG_WARN_CONSTANT_CONVERSION = YES;
				CLANG_WARN_DEPRECATED_OBJC_IMPLEMENTATIONS = YES;
				CLANG_WARN_DIRECT_OBJC_ISA_USAGE = YES_ERROR;
				CLANG_WARN_DOCUMENTATION_COMMENTS = YES;
				CLANG_WARN_EMPTY_BODY = YES;
				CLANG_WARN_ENUM_CONVERSION = YES;
				CLANG_WARN_INFINITE_RECURSION = YES;
				CLANG_WARN_INT_CONVERSION = YES;
				CLANG_WARN_NON_LITERAL_NULL_CONVERSION = YES;
				CLANG_WARN_OBJC_IMPLICIT_RETAIN_SELF = YES;
				CLANG_WARN_OBJC_LITERAL_CONVERSION = YES;
				CLANG_WARN_OBJC_ROOT_CLASS = YES_ERROR;
				CLANG_WARN_QUOTED_INCLUDE_IN_FRAMEWORK_HEADER = YES;
				CLANG_WARN_RANGE_LOOP_ANALYSIS = YES;
				CLANG_WARN_STRICT_PROTOTYPES = YES;
				CLANG_WARN_SUSPICIOUS_MOVE = YES;
				CLANG_WARN_UNGUARDED_AVAILABILITY = YES_AGGRESSIVE;
				CLANG_WARN_UNREACHABLE_CODE = YES;
				CLANG_WARN__DUPLICATE_METHOD_MATCH = YES;
				COPY_PHASE_STRIP = NO;
				DEBUG_INFORMATION_FORMAT = dwarf;
				ENABLE_STRICT_OBJC_MSGSEND = YES;
				ENABLE_TESTABILITY = YES;
				GCC_C_LANGUAGE_STANDARD = gnu11;
				GCC_DYNAMIC_NO_PIC = NO;
				GCC_NO_COMMON_BLOCKS = YES;
				GCC_OPTIMIZATION_LEVEL = 0;
				GCC_PREPROCESSOR_DEFINITIONS = (
					"DEBUG=1",
					"$(inherited)",
				);
				GCC_WARN_64_TO_32_BIT_CONVERSION = YES;
				GCC_WARN_ABOUT_RETURN_TYPE = YES_ERROR;
				GCC_WARN_UNDECLARED_SELECTOR = YES;
				GCC_WARN_UNINITIALIZED_AUTOS = YES_AGGRESSIVE;
				GCC_WARN_UNUSED_FUNCTION = YES;
				GCC_WARN_UNUSED_VARIABLE = YES;
				IPHONEOS_DEPLOYMENT_TARGET = 16.4;
				MTL_ENABLE_DEBUG_INFO = INCLUDE_SOURCE;
				MTL_FAST_MATH = YES;
				ONLY_ACTIVE_ARCH = YES;
				SDKROOT = iphoneos;
				SWIFT_ACTIVE_COMPILATION_CONDITIONS = DEBUG;
				SWIFT_OPTIMIZATION_LEVEL = "-Onone";
			};
			name = Debug;
		};
		2FC863C429EDAA02009C1AC4 /* Release */ = {
			isa = XCBuildConfiguration;
			buildSettings = {
				ALWAYS_SEARCH_USER_PATHS = NO;
				CLANG_ANALYZER_NONNULL = YES;
				CLANG_ANALYZER_NUMBER_OBJECT_CONVERSION = YES_AGGRESSIVE;
				CLANG_CXX_LANGUAGE_STANDARD = "gnu++20";
				CLANG_ENABLE_MODULES = YES;
				CLANG_ENABLE_OBJC_ARC = YES;
				CLANG_ENABLE_OBJC_WEAK = YES;
				CLANG_WARN_BLOCK_CAPTURE_AUTORELEASING = YES;
				CLANG_WARN_BOOL_CONVERSION = YES;
				CLANG_WARN_COMMA = YES;
				CLANG_WARN_CONSTANT_CONVERSION = YES;
				CLANG_WARN_DEPRECATED_OBJC_IMPLEMENTATIONS = YES;
				CLANG_WARN_DIRECT_OBJC_ISA_USAGE = YES_ERROR;
				CLANG_WARN_DOCUMENTATION_COMMENTS = YES;
				CLANG_WARN_EMPTY_BODY = YES;
				CLANG_WARN_ENUM_CONVERSION = YES;
				CLANG_WARN_INFINITE_RECURSION = YES;
				CLANG_WARN_INT_CONVERSION = YES;
				CLANG_WARN_NON_LITERAL_NULL_CONVERSION = YES;
				CLANG_WARN_OBJC_IMPLICIT_RETAIN_SELF = YES;
				CLANG_WARN_OBJC_LITERAL_CONVERSION = YES;
				CLANG_WARN_OBJC_ROOT_CLASS = YES_ERROR;
				CLANG_WARN_QUOTED_INCLUDE_IN_FRAMEWORK_HEADER = YES;
				CLANG_WARN_RANGE_LOOP_ANALYSIS = YES;
				CLANG_WARN_STRICT_PROTOTYPES = YES;
				CLANG_WARN_SUSPICIOUS_MOVE = YES;
				CLANG_WARN_UNGUARDED_AVAILABILITY = YES_AGGRESSIVE;
				CLANG_WARN_UNREACHABLE_CODE = YES;
				CLANG_WARN__DUPLICATE_METHOD_MATCH = YES;
				COPY_PHASE_STRIP = NO;
				DEBUG_INFORMATION_FORMAT = "dwarf-with-dsym";
				ENABLE_NS_ASSERTIONS = NO;
				ENABLE_STRICT_OBJC_MSGSEND = YES;
				GCC_C_LANGUAGE_STANDARD = gnu11;
				GCC_NO_COMMON_BLOCKS = YES;
				GCC_WARN_64_TO_32_BIT_CONVERSION = YES;
				GCC_WARN_ABOUT_RETURN_TYPE = YES_ERROR;
				GCC_WARN_UNDECLARED_SELECTOR = YES;
				GCC_WARN_UNINITIALIZED_AUTOS = YES_AGGRESSIVE;
				GCC_WARN_UNUSED_FUNCTION = YES;
				GCC_WARN_UNUSED_VARIABLE = YES;
				IPHONEOS_DEPLOYMENT_TARGET = 16.4;
				MTL_ENABLE_DEBUG_INFO = NO;
				MTL_FAST_MATH = YES;
				SDKROOT = iphoneos;
				SWIFT_COMPILATION_MODE = wholemodule;
				SWIFT_OPTIMIZATION_LEVEL = "-O";
				VALIDATE_PRODUCT = YES;
			};
			name = Release;
		};
		2FC863C629EDAA02009C1AC4 /* Debug */ = {
			isa = XCBuildConfiguration;
			buildSettings = {
				ASSETCATALOG_COMPILER_APPICON_NAME = AppIcon;
				ASSETCATALOG_COMPILER_GLOBAL_ACCENT_COLOR_NAME = AccentColor;
				CODE_SIGN_STYLE = Automatic;
				CURRENT_PROJECT_VERSION = 1;
				DEVELOPMENT_TEAM = HRQFZTAU2C;
				GENERATE_INFOPLIST_FILE = YES;
				INFOPLIST_FILE = Aquarium/Info.plist;
				INFOPLIST_KEY_UIApplicationSupportsIndirectInputEvents = YES;
				INFOPLIST_KEY_UILaunchStoryboardName = LaunchScreen;
				INFOPLIST_KEY_UIMainStoryboardFile = Main;
				INFOPLIST_KEY_UISupportedInterfaceOrientations_iPad = "UIInterfaceOrientationPortrait UIInterfaceOrientationPortraitUpsideDown UIInterfaceOrientationLandscapeLeft UIInterfaceOrientationLandscapeRight";
				INFOPLIST_KEY_UISupportedInterfaceOrientations_iPhone = "UIInterfaceOrientationPortrait UIInterfaceOrientationLandscapeLeft UIInterfaceOrientationLandscapeRight";
				LD_RUNPATH_SEARCH_PATHS = (
					"$(inherited)",
					"@executable_path/Frameworks",
				);
				MARKETING_VERSION = 1.0;
				PRODUCT_BUNDLE_IDENTIFIER = kaldius.Aquarium;
				PRODUCT_NAME = "$(TARGET_NAME)";
				SWIFT_EMIT_LOC_STRINGS = YES;
				SWIFT_VERSION = 5.0;
				TARGETED_DEVICE_FAMILY = "1,2";
			};
			name = Debug;
		};
		2FC863C729EDAA02009C1AC4 /* Release */ = {
			isa = XCBuildConfiguration;
			buildSettings = {
				ASSETCATALOG_COMPILER_APPICON_NAME = AppIcon;
				ASSETCATALOG_COMPILER_GLOBAL_ACCENT_COLOR_NAME = AccentColor;
				CODE_SIGN_STYLE = Automatic;
				CURRENT_PROJECT_VERSION = 1;
				DEVELOPMENT_TEAM = HRQFZTAU2C;
				GENERATE_INFOPLIST_FILE = YES;
				INFOPLIST_FILE = Aquarium/Info.plist;
				INFOPLIST_KEY_UIApplicationSupportsIndirectInputEvents = YES;
				INFOPLIST_KEY_UILaunchStoryboardName = LaunchScreen;
				INFOPLIST_KEY_UIMainStoryboardFile = Main;
				INFOPLIST_KEY_UISupportedInterfaceOrientations_iPad = "UIInterfaceOrientationPortrait UIInterfaceOrientationPortraitUpsideDown UIInterfaceOrientationLandscapeLeft UIInterfaceOrientationLandscapeRight";
				INFOPLIST_KEY_UISupportedInterfaceOrientations_iPhone = "UIInterfaceOrientationPortrait UIInterfaceOrientationLandscapeLeft UIInterfaceOrientationLandscapeRight";
				LD_RUNPATH_SEARCH_PATHS = (
					"$(inherited)",
					"@executable_path/Frameworks",
				);
				MARKETING_VERSION = 1.0;
				PRODUCT_BUNDLE_IDENTIFIER = kaldius.Aquarium;
				PRODUCT_NAME = "$(TARGET_NAME)";
				SWIFT_EMIT_LOC_STRINGS = YES;
				SWIFT_VERSION = 5.0;
				TARGETED_DEVICE_FAMILY = "1,2";
			};
			name = Release;
		};
		2FC863C929EDAA02009C1AC4 /* Debug */ = {
			isa = XCBuildConfiguration;
			buildSettings = {
				ALWAYS_EMBED_SWIFT_STANDARD_LIBRARIES = YES;
				BUNDLE_LOADER = "$(TEST_HOST)";
				CODE_SIGN_STYLE = Automatic;
				CURRENT_PROJECT_VERSION = 1;
				DEVELOPMENT_TEAM = HRQFZTAU2C;
				GENERATE_INFOPLIST_FILE = YES;
				IPHONEOS_DEPLOYMENT_TARGET = 16.4;
				MARKETING_VERSION = 1.0;
				PRODUCT_BUNDLE_IDENTIFIER = kaldius.AquariumTests;
				PRODUCT_NAME = "$(TARGET_NAME)";
				SWIFT_EMIT_LOC_STRINGS = NO;
				SWIFT_VERSION = 5.0;
				TARGETED_DEVICE_FAMILY = "1,2";
				TEST_HOST = "$(BUILT_PRODUCTS_DIR)/Aquarium.app/$(BUNDLE_EXECUTABLE_FOLDER_PATH)/Aquarium";
			};
			name = Debug;
		};
		2FC863CA29EDAA02009C1AC4 /* Release */ = {
			isa = XCBuildConfiguration;
			buildSettings = {
				ALWAYS_EMBED_SWIFT_STANDARD_LIBRARIES = YES;
				BUNDLE_LOADER = "$(TEST_HOST)";
				CODE_SIGN_STYLE = Automatic;
				CURRENT_PROJECT_VERSION = 1;
				DEVELOPMENT_TEAM = HRQFZTAU2C;
				GENERATE_INFOPLIST_FILE = YES;
				IPHONEOS_DEPLOYMENT_TARGET = 16.4;
				MARKETING_VERSION = 1.0;
				PRODUCT_BUNDLE_IDENTIFIER = kaldius.AquariumTests;
				PRODUCT_NAME = "$(TARGET_NAME)";
				SWIFT_EMIT_LOC_STRINGS = NO;
				SWIFT_VERSION = 5.0;
				TARGETED_DEVICE_FAMILY = "1,2";
				TEST_HOST = "$(BUILT_PRODUCTS_DIR)/Aquarium.app/$(BUNDLE_EXECUTABLE_FOLDER_PATH)/Aquarium";
			};
			name = Release;
		};
		2FC863CC29EDAA02009C1AC4 /* Debug */ = {
			isa = XCBuildConfiguration;
			buildSettings = {
				ALWAYS_EMBED_SWIFT_STANDARD_LIBRARIES = YES;
				CODE_SIGN_STYLE = Automatic;
				CURRENT_PROJECT_VERSION = 1;
				DEVELOPMENT_TEAM = HRQFZTAU2C;
				GENERATE_INFOPLIST_FILE = YES;
				MARKETING_VERSION = 1.0;
				PRODUCT_BUNDLE_IDENTIFIER = kaldius.AquariumUITests;
				PRODUCT_NAME = "$(TARGET_NAME)";
				SWIFT_EMIT_LOC_STRINGS = NO;
				SWIFT_VERSION = 5.0;
				TARGETED_DEVICE_FAMILY = "1,2";
				TEST_TARGET_NAME = Aquarium;
			};
			name = Debug;
		};
		2FC863CD29EDAA02009C1AC4 /* Release */ = {
			isa = XCBuildConfiguration;
			buildSettings = {
				ALWAYS_EMBED_SWIFT_STANDARD_LIBRARIES = YES;
				CODE_SIGN_STYLE = Automatic;
				CURRENT_PROJECT_VERSION = 1;
				DEVELOPMENT_TEAM = HRQFZTAU2C;
				GENERATE_INFOPLIST_FILE = YES;
				MARKETING_VERSION = 1.0;
				PRODUCT_BUNDLE_IDENTIFIER = kaldius.AquariumUITests;
				PRODUCT_NAME = "$(TARGET_NAME)";
				SWIFT_EMIT_LOC_STRINGS = NO;
				SWIFT_VERSION = 5.0;
				TARGETED_DEVICE_FAMILY = "1,2";
				TEST_TARGET_NAME = Aquarium;
			};
			name = Release;
		};
/* End XCBuildConfiguration section */

/* Begin XCConfigurationList section */
		2FC8639629EDAA01009C1AC4 /* Build configuration list for PBXProject "Aquarium" */ = {
			isa = XCConfigurationList;
			buildConfigurations = (
				2FC863C329EDAA02009C1AC4 /* Debug */,
				2FC863C429EDAA02009C1AC4 /* Release */,
			);
			defaultConfigurationIsVisible = 0;
			defaultConfigurationName = Release;
		};
		2FC863C529EDAA02009C1AC4 /* Build configuration list for PBXNativeTarget "Aquarium" */ = {
			isa = XCConfigurationList;
			buildConfigurations = (
				2FC863C629EDAA02009C1AC4 /* Debug */,
				2FC863C729EDAA02009C1AC4 /* Release */,
			);
			defaultConfigurationIsVisible = 0;
			defaultConfigurationName = Release;
		};
		2FC863C829EDAA02009C1AC4 /* Build configuration list for PBXNativeTarget "AquariumTests" */ = {
			isa = XCConfigurationList;
			buildConfigurations = (
				2FC863C929EDAA02009C1AC4 /* Debug */,
				2FC863CA29EDAA02009C1AC4 /* Release */,
			);
			defaultConfigurationIsVisible = 0;
			defaultConfigurationName = Release;
		};
		2FC863CB29EDAA02009C1AC4 /* Build configuration list for PBXNativeTarget "AquariumUITests" */ = {
			isa = XCConfigurationList;
			buildConfigurations = (
				2FC863CC29EDAA02009C1AC4 /* Debug */,
				2FC863CD29EDAA02009C1AC4 /* Release */,
			);
			defaultConfigurationIsVisible = 0;
			defaultConfigurationName = Release;
		};
/* End XCConfigurationList section */
	};
	rootObject = 2FC8639329EDAA01009C1AC4 /* Project object */;
}
